
Microsoft Visual Studio Solution File, Format Version 12.00
# Visual Studio 15
VisualStudioVersion = 15.0.26124.0
MinimumVisualStudioVersion = 15.0.26124.0
Project("{2150E333-8FDC-42A3-9474-1A3956D46DE8}") = "src", "src", "{34CB9E79-E1E4-4DF8-83EA-50CB959967F8}"
EndProject
Project("{FAE04EC0-301F-11D3-BF4B-00C04F79EFBC}") = "SkillQuerier", "src\SkillQuerier\SkillQuerier.csproj", "{B3D57628-7761-4FF6-9BAE-53F65B54D0C4}"
EndProject
Project("{2150E333-8FDC-42A3-9474-1A3956D46DE8}") = "test", "test", "{A9299CA8-2204-4028-9F27-5939B8A67FE9}"
EndProject
Project("{FAE04EC0-301F-11D3-BF4B-00C04F79EFBC}") = "SkillQuerier.Tests", "test\SkillQuerier.Tests\SkillQuerier.Tests.csproj", "{2C32D766-36C8-4FB4-8EF5-8E72777A1444}"
EndProject
Global
	GlobalSection(SolutionConfigurationPlatforms) = preSolution
		Debug|Any CPU = Debug|Any CPU
		Debug|x64 = Debug|x64
		Debug|x86 = Debug|x86
		Release|Any CPU = Release|Any CPU
		Release|x64 = Release|x64
		Release|x86 = Release|x86
	EndGlobalSection
	GlobalSection(SolutionProperties) = preSolution
		HideSolutionNode = FALSE
	EndGlobalSection
	GlobalSection(ProjectConfigurationPlatforms) = postSolution
		{B3D57628-7761-4FF6-9BAE-53F65B54D0C4}.Debug|Any CPU.ActiveCfg = Debug|Any CPU
		{B3D57628-7761-4FF6-9BAE-53F65B54D0C4}.Debug|Any CPU.Build.0 = Debug|Any CPU
		{B3D57628-7761-4FF6-9BAE-53F65B54D0C4}.Debug|x64.ActiveCfg = Debug|Any CPU
		{B3D57628-7761-4FF6-9BAE-53F65B54D0C4}.Debug|x64.Build.0 = Debug|Any CPU
		{B3D57628-7761-4FF6-9BAE-53F65B54D0C4}.Debug|x86.ActiveCfg = Debug|Any CPU
		{B3D57628-7761-4FF6-9BAE-53F65B54D0C4}.Debug|x86.Build.0 = Debug|Any CPU
		{B3D57628-7761-4FF6-9BAE-53F65B54D0C4}.Release|Any CPU.ActiveCfg = Release|Any CPU
		{B3D57628-7761-4FF6-9BAE-53F65B54D0C4}.Release|Any CPU.Build.0 = Release|Any CPU
		{B3D57628-7761-4FF6-9BAE-53F65B54D0C4}.Release|x64.ActiveCfg = Release|Any CPU
		{B3D57628-7761-4FF6-9BAE-53F65B54D0C4}.Release|x64.Build.0 = Release|Any CPU
		{B3D57628-7761-4FF6-9BAE-53F65B54D0C4}.Release|x86.ActiveCfg = Release|Any CPU
		{B3D57628-7761-4FF6-9BAE-53F65B54D0C4}.Release|x86.Build.0 = Release|Any CPU
		{2C32D766-36C8-4FB4-8EF5-8E72777A1444}.Debug|Any CPU.ActiveCfg = Debug|Any CPU
		{2C32D766-36C8-4FB4-8EF5-8E72777A1444}.Debug|Any CPU.Build.0 = Debug|Any CPU
		{2C32D766-36C8-4FB4-8EF5-8E72777A1444}.Debug|x64.ActiveCfg = Debug|Any CPU
		{2C32D766-36C8-4FB4-8EF5-8E72777A1444}.Debug|x64.Build.0 = Debug|Any CPU
		{2C32D766-36C8-4FB4-8EF5-8E72777A1444}.Debug|x86.ActiveCfg = Debug|Any CPU
		{2C32D766-36C8-4FB4-8EF5-8E72777A1444}.Debug|x86.Build.0 = Debug|Any CPU
		{2C32D766-36C8-4FB4-8EF5-8E72777A1444}.Release|Any CPU.ActiveCfg = Release|Any CPU
		{2C32D766-36C8-4FB4-8EF5-8E72777A1444}.Release|Any CPU.Build.0 = Release|Any CPU
		{2C32D766-36C8-4FB4-8EF5-8E72777A1444}.Release|x64.ActiveCfg = Release|Any CPU
		{2C32D766-36C8-4FB4-8EF5-8E72777A1444}.Release|x64.Build.0 = Release|Any CPU
		{2C32D766-36C8-4FB4-8EF5-8E72777A1444}.Release|x86.ActiveCfg = Release|Any CPU
		{2C32D766-36C8-4FB4-8EF5-8E72777A1444}.Release|x86.Build.0 = Release|Any CPU
	EndGlobalSection
	GlobalSection(NestedProjects) = preSolution
		{B3D57628-7761-4FF6-9BAE-53F65B54D0C4} = {34CB9E79-E1E4-4DF8-83EA-50CB959967F8}
		{2C32D766-36C8-4FB4-8EF5-8E72777A1444} = {A9299CA8-2204-4028-9F27-5939B8A67FE9}
	EndGlobalSection
EndGlobal
